<?xml version="1.0" encoding="utf-8"?>
<Project ToolsVersion="4.0" xmlns="http://schemas.microsoft.com/developer/msbuild/2003">
  <ItemGroup>
    <None Include="$(MSBuildThisFileDirectory)$(MSBuildThisFileName).targets" />
  </ItemGroup>
  <ItemGroup>
    <Filter Include="Sources">
      <UniqueIdentifier>{7ad23871-be24-443e-b4be-7a9f0f47055c}</UniqueIdentifier>
    </Filter>
    <Filter Include="Sources\Model">
      <UniqueIdentifier>{b3dca50e-241e-4c62-b9e9-a1cef3716717}</UniqueIdentifier>
    </Filter>
    <Filter Include="Sources\Layout">
      <UniqueIdentifier>{4dd06e4b-023f-4eee-bf54-ce2a59a604b8}</UniqueIdentifier>
    </Filter>
    <Filter Include="Sources\Detect">
      <UniqueIdentifier>{37170771-dfcc-4ca8-9a6b-a3445faced27}</UniqueIdentifier>
    </Filter>
  </ItemGroup>
  <ItemGroup>
    <ClCompile Include="$(MSBuildThisFileDirectory)LogicalBoxParser.cpp">
      <Filter>Sources</Filter>
    </ClCompile>
  </ItemGroup>
  <ItemGroup>
    <ClInclude Include="$(MSBuildThisFileDirectory)FractionBars.h">
      <Filter>Sources</Filter>
    </ClInclude>
    <ClInclude Include="$(MSBuildThisFileDirectory)LogicalBoxParser.h">
      <Filter>Sources</Filter>
    </ClInclude>
    <ClInclude Include="$(MSBuildThisFileDirectory)Model\Grid.h">
      <Filter>Sources\Model</Filter>
    </ClInclude>
    <ClInclude Include="$(MSBuildThisFileDirectory)Model\Geometry.h">
      <Filter>Sources\Model</Filter>
    </ClInclude>
    <ClInclude Include="$(MSBuildThisFileDirectory)Layout\LayoutBuilder.h">
      <Filter>Sources\Layout</Filter>
    </ClInclude>
    <ClInclude Include="$(MSBuildThisFileDirectory)Layout\LayoutGraph.h">
      <Filter>Sources\Layout</Filter>
    </ClInclude>
    <ClInclude Include="$(MSBuildThisFileDirectory)Detect\FractionBarDetector.h">
      <Filter>Sources\Detect</Filter>
    </ClInclude>
    <ClInclude Include="$(MSBuildThisFileDirectory)Detect\IFeatureDetector.h">
      <Filter>Sources\Detect</Filter>
    </ClInclude>
  </ItemGroup>
</Project>