<?xml version="1.0" encoding="utf-8"?>
<Project ToolsVersion="4.0" xmlns="http://schemas.microsoft.com/developer/msbuild/2003">
  <ItemGroup>
    <None Include="$(MSBuildThisFileDirectory)$(MSBuildThisFileName).targets" />
  </ItemGroup>
  <ItemGroup>
    <Filter Include="Sources">
      <UniqueIdentifier>{7ad23871-be24-443e-b4be-7a9f0f47055c}</UniqueIdentifier>
    </Filter>
    <Filter Include="Sources\Model">
      <UniqueIdentifier>{b3dca50e-241e-4c62-b9e9-a1cef3716717}</UniqueIdentifier>
    </Filter>
    <Filter Include="Sources\Parse">
      <UniqueIdentifier>{4dd06e4b-023f-4eee-bf54-ce2a59a604b8}</UniqueIdentifier>
    </Filter>
  </ItemGroup>
  <ItemGroup>
    <ClCompile Include="$(MSBuildThisFileDirectory)LogicalBoxParser.cpp">
      <Filter>Sources</Filter>
    </ClCompile>
  </ItemGroup>
  <ItemGroup>
    <ClInclude Include="$(MSBuildThisFileDirectory)LogicalBoxParser.h">
      <Filter>Sources</Filter>
    </ClInclude>
    <ClInclude Include="$(MSBuildThisFileDirectory)Model\Grid.h">
      <Filter>Sources\Model</Filter>
    </ClInclude>
    <ClInclude Include="$(MSBuildThisFileDirectory)Model\Geometry.h">
      <Filter>Sources\Model</Filter>
    </ClInclude>
    <ClInclude Include="$(MSBuildThisFileDirectory)Model\INode.h">
      <Filter>Sources\Model</Filter>
    </ClInclude>
    <ClInclude Include="$(MSBuildThisFileDirectory)Model\Fraction.h">
      <Filter>Sources\Model</Filter>
    </ClInclude>
    <ClInclude Include="$(MSBuildThisFileDirectory)Model\Symbol.h">
      <Filter>Sources\Model</Filter>
    </ClInclude>
    <ClInclude Include="$(MSBuildThisFileDirectory)Parse\RegionWalker.h">
      <Filter>Sources\Parse</Filter>
    </ClInclude>
    <ClInclude Include="$(MSBuildThisFileDirectory)Parse\FractionFeature.h">
      <Filter>Sources\Parse</Filter>
    </ClInclude>
    <ClInclude Include="$(MSBuildThisFileDirectory)Parse\IRegionFeature.h">
      <Filter>Sources\Parse</Filter>
    </ClInclude>
    <ClInclude Include="$(MSBuildThisFileDirectory)Parse\FractionBarDetector.h">
      <Filter>Sources\Parse</Filter>
    </ClInclude>
    <ClInclude Include="$(MSBuildThisFileDirectory)Model\Group.h">
      <Filter>Sources\Model</Filter>
    </ClInclude>
    <ClInclude Include="$(MSBuildThisFileDirectory)Model\Script.h">
      <Filter>Sources\Model</Filter>
    </ClInclude>
    <ClInclude Include="$(MSBuildThisFileDirectory)Parse\GroupFeature.h">
      <Filter>Sources\Parse</Filter>
    </ClInclude>
  </ItemGroup>
</Project>